
Microsoft Visual Studio Solution File, Format Version 12.00
# Visual Studio Version 17
VisualStudioVersion = 17.9.34723.18
MinimumVisualStudioVersion = 10.0.40219.1
Project("{FAE04EC0-301F-11D3-BF4B-00C04F79EFBC}") = "LibraryManagementSystem", "LibraryManagementSystem\LibraryManagementSystem.csproj", "{EC0AE85E-9B90-43E9-B5E1-8CC68285E94D}"
EndProject
Global
	GlobalSection(SolutionConfigurationPlatforms) = preSolution
		Debug|Any CPU = Debug|Any CPU
		Release|Any CPU = Release|Any CPU
	EndGlobalSection
	GlobalSection(ProjectConfigurationPlatforms) = postSolution
		{EC0AE85E-9B90-43E9-B5E1-8CC68285E94D}.Debug|Any CPU.ActiveCfg = Debug|Any CPU
		{EC0AE85E-9B90-43E9-B5E1-8CC68285E94D}.Debug|Any CPU.Build.0 = Debug|Any CPU
		{EC0AE85E-9B90-43E9-B5E1-8CC68285E94D}.Release|Any CPU.ActiveCfg = Release|Any CPU
		{EC0AE85E-9B90-43E9-B5E1-8CC68285E94D}.Release|Any CPU.Build.0 = Release|Any CPU
	EndGlobalSection
	GlobalSection(SolutionProperties) = preSolution
		HideSolutionNode = FALSE
	EndGlobalSection
	GlobalSection(ExtensibilityGlobals) = postSolution
		SolutionGuid = {86845469-4F06-4F4B-96BE-3C00D8B8C67E}
	EndGlobalSection
EndGlobal
